
Microsoft Visual Studio Solution File, Format Version 12.00
# Visual Studio Version 16
VisualStudioVersion = 16.0.31129.286
MinimumVisualStudioVersion = 10.0.40219.1
Project("{FAE04EC0-301F-11D3-BF4B-00C04F79EFBC}") = "BaiTap1winform", "BaiTap1winform\BaiTap1winform.csproj", "{4D0BDCFF-AE47-4219-A448-CFA2CC42607F}"
EndProject
Global
	GlobalSection(SolutionConfigurationPlatforms) = preSolution
		Debug|Any CPU = Debug|Any CPU
		Release|Any CPU = Release|Any CPU
	EndGlobalSection
	GlobalSection(ProjectConfigurationPlatforms) = postSolution
		{4D0BDCFF-AE47-4219-A448-CFA2CC42607F}.Debug|Any CPU.ActiveCfg = Debug|Any CPU
		{4D0BDCFF-AE47-4219-A448-CFA2CC42607F}.Debug|Any CPU.Build.0 = Debug|Any CPU
		{4D0BDCFF-AE47-4219-A448-CFA2CC42607F}.Release|Any CPU.ActiveCfg = Release|Any CPU
		{4D0BDCFF-AE47-4219-A448-CFA2CC42607F}.Release|Any CPU.Build.0 = Release|Any CPU
	EndGlobalSection
	GlobalSection(SolutionProperties) = preSolution
		HideSolutionNode = FALSE
	EndGlobalSection
	GlobalSection(ExtensibilityGlobals) = postSolution
		SolutionGuid = {74287ABA-C7F9-40D5-BD86-63A576EFBD78}
	EndGlobalSection
EndGlobal
